
Microsoft Visual Studio Solution File, Format Version 12.00
# Visual Studio Version 16
VisualStudioVersion = 16.0.34902.97
MinimumVisualStudioVersion = 10.0.40219.1
Project("{FAE04EC0-301F-11D3-BF4B-00C04F79EFBC}") = "WebApi.Prj", "WebApi.Prj\WebApi.Prj.csproj", "{8151F49D-399D-4BF7-A61B-83490527FE58}"
EndProject
Global
	GlobalSection(SolutionConfigurationPlatforms) = preSolution
		Debug|Any CPU = Debug|Any CPU
		Release|Any CPU = Release|Any CPU
	EndGlobalSection
	GlobalSection(ProjectConfigurationPlatforms) = postSolution
		{8151F49D-399D-4BF7-A61B-83490527FE58}.Debug|Any CPU.ActiveCfg = Debug|Any CPU
		{8151F49D-399D-4BF7-A61B-83490527FE58}.Debug|Any CPU.Build.0 = Debug|Any CPU
		{8151F49D-399D-4BF7-A61B-83490527FE58}.Release|Any CPU.ActiveCfg = Release|Any CPU
		{8151F49D-399D-4BF7-A61B-83490527FE58}.Release|Any CPU.Build.0 = Release|Any CPU
	EndGlobalSection
	GlobalSection(SolutionProperties) = preSolution
		HideSolutionNode = FALSE
	EndGlobalSection
	GlobalSection(ExtensibilityGlobals) = postSolution
		SolutionGuid = {2B5B716E-36F7-4F59-9928-D372B70EE63D}
	EndGlobalSection
EndGlobal
