
Microsoft Visual Studio Solution File, Format Version 12.00
# Visual Studio Version 16
VisualStudioVersion = 16.0.34902.97
MinimumVisualStudioVersion = 10.0.40219.1
Project("{FAE04EC0-301F-11D3-BF4B-00C04F79EFBC}") = "day 3", "day 3\day 3.csproj", "{E3181612-215F-4D7E-83AD-818178823CE0}"
EndProject
Global
	GlobalSection(SolutionConfigurationPlatforms) = preSolution
		Debug|Any CPU = Debug|Any CPU
		Release|Any CPU = Release|Any CPU
	EndGlobalSection
	GlobalSection(ProjectConfigurationPlatforms) = postSolution
		{E3181612-215F-4D7E-83AD-818178823CE0}.Debug|Any CPU.ActiveCfg = Debug|Any CPU
		{E3181612-215F-4D7E-83AD-818178823CE0}.Debug|Any CPU.Build.0 = Debug|Any CPU
		{E3181612-215F-4D7E-83AD-818178823CE0}.Release|Any CPU.ActiveCfg = Release|Any CPU
		{E3181612-215F-4D7E-83AD-818178823CE0}.Release|Any CPU.Build.0 = Release|Any CPU
	EndGlobalSection
	GlobalSection(SolutionProperties) = preSolution
		HideSolutionNode = FALSE
	EndGlobalSection
	GlobalSection(ExtensibilityGlobals) = postSolution
		SolutionGuid = {77012DB7-6C87-46D4-84CF-0C11476EE32C}
	EndGlobalSection
EndGlobal
