
Microsoft Visual Studio Solution File, Format Version 12.00
# Visual Studio Version 16
VisualStudioVersion = 16.0.34902.97
MinimumVisualStudioVersion = 10.0.40219.1
Project("{FAE04EC0-301F-11D3-BF4B-00C04F79EFBC}") = "Assignment-4", "Assignment-4\Assignment-4.csproj", "{47CCE1B7-CB04-4C5F-BB1D-1F393CCD2ED8}"
EndProject
Global
	GlobalSection(SolutionConfigurationPlatforms) = preSolution
		Debug|Any CPU = Debug|Any CPU
		Release|Any CPU = Release|Any CPU
	EndGlobalSection
	GlobalSection(ProjectConfigurationPlatforms) = postSolution
		{47CCE1B7-CB04-4C5F-BB1D-1F393CCD2ED8}.Debug|Any CPU.ActiveCfg = Debug|Any CPU
		{47CCE1B7-CB04-4C5F-BB1D-1F393CCD2ED8}.Debug|Any CPU.Build.0 = Debug|Any CPU
		{47CCE1B7-CB04-4C5F-BB1D-1F393CCD2ED8}.Release|Any CPU.ActiveCfg = Release|Any CPU
		{47CCE1B7-CB04-4C5F-BB1D-1F393CCD2ED8}.Release|Any CPU.Build.0 = Release|Any CPU
	EndGlobalSection
	GlobalSection(SolutionProperties) = preSolution
		HideSolutionNode = FALSE
	EndGlobalSection
	GlobalSection(ExtensibilityGlobals) = postSolution
		SolutionGuid = {8EF2D2D7-C334-4CBC-B092-D23DFC7315D8}
	EndGlobalSection
EndGlobal
